
Microsoft Visual Studio Solution File, Format Version 12.00
# Visual Studio Version 16
VisualStudioVersion = 16.0.810.20
MinimumVisualStudioVersion = 10.0.40219.1
Project("{FAE04EC0-301F-11D3-BF4B-00C04F79EFBC}") = "Entities", "Entities\Entities.csproj", "{8F906707-4881-4E2F-A1AA-3AED5BCAF309}"
EndProject
Project("{FAE04EC0-301F-11D3-BF4B-00C04F79EFBC}") = "DataAccess", "DataAccess\DataAccess.csproj", "{F94DA55D-47E2-412A-9A6B-2D66375BC41C}"
EndProject
Project("{FAE04EC0-301F-11D3-BF4B-00C04F79EFBC}") = "Business", "Business\Business.csproj", "{2280D466-C44C-4827-A4CB-8714DC578E61}"
EndProject
Project("{FAE04EC0-301F-11D3-BF4B-00C04F79EFBC}") = "Core", "Core\Core.csproj", "{B135E736-1FBA-40AF-8C59-416554037109}"
EndProject
Project("{FAE04EC0-301F-11D3-BF4B-00C04F79EFBC}") = "API", "API\API.csproj", "{641F5B26-6100-4755-B33D-7E2A87E56C74}"
EndProject
Global
	GlobalSection(SolutionConfigurationPlatforms) = preSolution
		Debug|Any CPU = Debug|Any CPU
		Release|Any CPU = Release|Any CPU
	EndGlobalSection
	GlobalSection(ProjectConfigurationPlatforms) = postSolution
		{8F906707-4881-4E2F-A1AA-3AED5BCAF309}.Debug|Any CPU.ActiveCfg = Debug|Any CPU
		{8F906707-4881-4E2F-A1AA-3AED5BCAF309}.Debug|Any CPU.Build.0 = Debug|Any CPU
		{8F906707-4881-4E2F-A1AA-3AED5BCAF309}.Release|Any CPU.ActiveCfg = Release|Any CPU
		{8F906707-4881-4E2F-A1AA-3AED5BCAF309}.Release|Any CPU.Build.0 = Release|Any CPU
		{F94DA55D-47E2-412A-9A6B-2D66375BC41C}.Debug|Any CPU.ActiveCfg = Debug|Any CPU
		{F94DA55D-47E2-412A-9A6B-2D66375BC41C}.Debug|Any CPU.Build.0 = Debug|Any CPU
		{F94DA55D-47E2-412A-9A6B-2D66375BC41C}.Release|Any CPU.ActiveCfg = Release|Any CPU
		{F94DA55D-47E2-412A-9A6B-2D66375BC41C}.Release|Any CPU.Build.0 = Release|Any CPU
		{2280D466-C44C-4827-A4CB-8714DC578E61}.Debug|Any CPU.ActiveCfg = Debug|Any CPU
		{2280D466-C44C-4827-A4CB-8714DC578E61}.Debug|Any CPU.Build.0 = Debug|Any CPU
		{2280D466-C44C-4827-A4CB-8714DC578E61}.Release|Any CPU.ActiveCfg = Release|Any CPU
		{2280D466-C44C-4827-A4CB-8714DC578E61}.Release|Any CPU.Build.0 = Release|Any CPU
		{B135E736-1FBA-40AF-8C59-416554037109}.Debug|Any CPU.ActiveCfg = Debug|Any CPU
		{B135E736-1FBA-40AF-8C59-416554037109}.Debug|Any CPU.Build.0 = Debug|Any CPU
		{B135E736-1FBA-40AF-8C59-416554037109}.Release|Any CPU.ActiveCfg = Release|Any CPU
		{B135E736-1FBA-40AF-8C59-416554037109}.Release|Any CPU.Build.0 = Release|Any CPU
		{641F5B26-6100-4755-B33D-7E2A87E56C74}.Debug|Any CPU.ActiveCfg = Debug|Any CPU
		{641F5B26-6100-4755-B33D-7E2A87E56C74}.Debug|Any CPU.Build.0 = Debug|Any CPU
		{641F5B26-6100-4755-B33D-7E2A87E56C74}.Release|Any CPU.ActiveCfg = Release|Any CPU
		{641F5B26-6100-4755-B33D-7E2A87E56C74}.Release|Any CPU.Build.0 = Release|Any CPU
	EndGlobalSection
	GlobalSection(SolutionProperties) = preSolution
		HideSolutionNode = FALSE
	EndGlobalSection
	GlobalSection(ExtensibilityGlobals) = postSolution
		SolutionGuid = {DC86DD3E-B6F6-4747-800D-ADA2190ED5E3}
	EndGlobalSection
EndGlobal
